<?xml version="1.0" encoding="utf-8"?>
<Project ToolsVersion="4.0" xmlns="http://schemas.microsoft.com/developer/msbuild/2003">
  <ItemGroup>
    <Filter Include="Source Files">
      <UniqueIdentifier>{4FC737F1-C7A5-4376-A066-2A32D752A2FF}</UniqueIdentifier>
      <Extensions>cpp;c;cc;cxx;def;odl;idl;hpj;bat;asm;asmx</Extensions>
    </Filter>
    <Filter Include="Header Files">
      <UniqueIdentifier>{93995380-89BD-4b04-88EB-625FBE52EBFB}</UniqueIdentifier>
      <Extensions>h;hpp;hxx;hm;inl;inc;xsd</Extensions>
    </Filter>
    <Filter Include="Resource Files">
      <UniqueIdentifier>{67DA6AB6-F800-4c08-8B7A-83BB121AAD01}</UniqueIdentifier>
      <Extensions>rc;ico;cur;bmp;dlg;rc2;rct;bin;rgs;gif;jpg;jpeg;jpe;resx;tiff;tif;png;wav</Extensions>
    </Filter>
  </ItemGroup>
  <ItemGroup>
    <ClCompile Include="Billboard.cpp">
      <Filter>Source Files</Filter>
    </ClCompile>
    <ClCompile Include="BoundingBox.cpp">
      <Filter>Source Files</Filter>
    </ClCompile>
    <ClCompile Include="Brick.cpp">
      <Filter>Source Files</Filter>
    </ClCompile>
    <ClCompile Include="Camera.cpp">
      <Filter>Source Files</Filter>
    </ClCompile>
    <ClCompile Include="Capsule.cpp">
      <Filter>Source Files</Filter>
    </ClCompile>
    <ClCompile Include="ClipLineSegBox.cpp">
      <Filter>Source Files</Filter>
    </ClCompile>
    <ClCompile Include="ConfigLoader.cpp">
      <Filter>Source Files</Filter>
    </ClCompile>
    <ClCompile Include="DemoState.cpp">
      <Filter>Source Files</Filter>
    </ClCompile>
    <ClCompile Include="DisplayManager.cpp">
      <Filter>Source Files</Filter>
    </ClCompile>
    <ClCompile Include="Err.cpp">
      <Filter>Source Files</Filter>
    </ClCompile>
    <ClCompile Include="EventHandler.cpp">
      <Filter>Source Files</Filter>
    </ClCompile>
    <ClCompile Include="FileManager.cpp">
      <Filter>Source Files</Filter>
    </ClCompile>
    <ClCompile Include="Frustrum.cpp">
      <Filter>Source Files</Filter>
    </ClCompile>
    <ClCompile Include="Game.cpp">
      <Filter>Source Files</Filter>
    </ClCompile>
    <ClCompile Include="GameObject.cpp">
      <Filter>Source Files</Filter>
    </ClCompile>
    <ClCompile Include="glColorEvent.cpp">
      <Filter>Source Files</Filter>
    </ClCompile>
    <ClCompile Include="GLMesh.cpp">
      <Filter>Source Files</Filter>
    </ClCompile>
    <ClCompile Include="GOScreen.cpp">
      <Filter>Source Files</Filter>
    </ClCompile>
    <ClCompile Include="Grid.cpp">
      <Filter>Source Files</Filter>
    </ClCompile>
    <ClCompile Include="LineSeg.cpp">
      <Filter>Source Files</Filter>
    </ClCompile>
    <ClCompile Include="main.cpp">
      <Filter>Source Files</Filter>
    </ClCompile>
    <ClCompile Include="MainGS.cpp">
      <Filter>Source Files</Filter>
    </ClCompile>
    <ClCompile Include="ManagedFile.cpp">
      <Filter>Source Files</Filter>
    </ClCompile>
    <ClCompile Include="Material.cpp">
      <Filter>Source Files</Filter>
    </ClCompile>
    <ClCompile Include="Matrix44.cpp">
      <Filter>Source Files</Filter>
    </ClCompile>
    <ClCompile Include="Memory.cpp">
      <Filter>Source Files</Filter>
    </ClCompile>
    <ClCompile Include="Model.cpp">
      <Filter>Source Files</Filter>
    </ClCompile>
    <ClCompile Include="PanAndTiltEvent.cpp">
      <Filter>Source Files</Filter>
    </ClCompile>
    <ClCompile Include="Plane.cpp">
      <Filter>Source Files</Filter>
    </ClCompile>
    <ClCompile Include="Quaternion.cpp">
      <Filter>Source Files</Filter>
    </ClCompile>
    <ClCompile Include="Score.cpp">
      <Filter>Source Files</Filter>
    </ClCompile>
    <ClCompile Include="SDLImage.cpp">
      <Filter>Source Files</Filter>
    </ClCompile>
    <ClCompile Include="SDLRGBColour.cpp">
      <Filter>Source Files</Filter>
    </ClCompile>
    <ClCompile Include="SDLTTF.cpp">
      <Filter>Source Files</Filter>
    </ClCompile>
    <ClCompile Include="SoundFX.cpp">
      <Filter>Source Files</Filter>
    </ClCompile>
    <ClCompile Include="SoundManager.cpp">
      <Filter>Source Files</Filter>
    </ClCompile>
    <ClCompile Include="Sphere.cpp">
      <Filter>Source Files</Filter>
    </ClCompile>
    <ClCompile Include="Splash.cpp">
      <Filter>Source Files</Filter>
    </ClCompile>
    <ClCompile Include="StringProc.cpp">
      <Filter>Source Files</Filter>
    </ClCompile>
    <ClCompile Include="TeapotLoaderState.cpp">
      <Filter>Source Files</Filter>
    </ClCompile>
    <ClCompile Include="Tetrad.cpp">
      <Filter>Source Files</Filter>
    </ClCompile>
    <ClCompile Include="Texture.cpp">
      <Filter>Source Files</Filter>
    </ClCompile>
    <ClCompile Include="TimedMoveEvent.cpp">
      <Filter>Source Files</Filter>
    </ClCompile>
    <ClCompile Include="TimedRemoveEvent.cpp">
      <Filter>Source Files</Filter>
    </ClCompile>
    <ClCompile Include="Timeline.cpp">
      <Filter>Source Files</Filter>
    </ClCompile>
    <ClCompile Include="TKGridCommand.cpp">
      <Filter>Source Files</Filter>
    </ClCompile>
    <ClCompile Include="TKMoveObject.cpp">
      <Filter>Source Files</Filter>
    </ClCompile>
    <ClCompile Include="TKUseObject.cpp">
      <Filter>Source Files</Filter>
    </ClCompile>
    <ClCompile Include="TTFManager.cpp">
      <Filter>Source Files</Filter>
    </ClCompile>
    <ClCompile Include="Vertex.cpp">
      <Filter>Source Files</Filter>
    </ClCompile>
    <ClCompile Include="glm.c">
      <Filter>Source Files</Filter>
    </ClCompile>
    <ClCompile Include="glmimg.c">
      <Filter>Source Files</Filter>
    </ClCompile>
    <ClCompile Include="glmimg_sdl.c">
      <Filter>Source Files</Filter>
    </ClCompile>
    <ClCompile Include="glm_util.c">
      <Filter>Source Files</Filter>
    </ClCompile>
  </ItemGroup>
  <ItemGroup>
    <ClInclude Include="Billboard.h">
      <Filter>Header Files</Filter>
    </ClInclude>
    <ClInclude Include="BoundingBox.h">
      <Filter>Header Files</Filter>
    </ClInclude>
    <ClInclude Include="Brick.h">
      <Filter>Header Files</Filter>
    </ClInclude>
    <ClInclude Include="Camera.h">
      <Filter>Header Files</Filter>
    </ClInclude>
    <ClInclude Include="Capsule.h">
      <Filter>Header Files</Filter>
    </ClInclude>
    <ClInclude Include="ClipLineSegBox.h">
      <Filter>Header Files</Filter>
    </ClInclude>
    <ClInclude Include="CollisionSystem.h">
      <Filter>Header Files</Filter>
    </ClInclude>
    <ClInclude Include="Colour.h">
      <Filter>Header Files</Filter>
    </ClInclude>
    <ClInclude Include="ConfigLoader.h">
      <Filter>Header Files</Filter>
    </ClInclude>
    <ClInclude Include="DemoState.h">
      <Filter>Header Files</Filter>
    </ClInclude>
    <ClInclude Include="DisplayManager.h">
      <Filter>Header Files</Filter>
    </ClInclude>
    <ClInclude Include="Err.h">
      <Filter>Header Files</Filter>
    </ClInclude>
    <ClInclude Include="EventHandler.h">
      <Filter>Header Files</Filter>
    </ClInclude>
    <ClInclude Include="Factory.h">
      <Filter>Header Files</Filter>
    </ClInclude>
    <ClInclude Include="FileManager.h">
      <Filter>Header Files</Filter>
    </ClInclude>
    <ClInclude Include="Frustrum.h">
      <Filter>Header Files</Filter>
    </ClInclude>
    <ClInclude Include="Game.h">
      <Filter>Header Files</Filter>
    </ClInclude>
    <ClInclude Include="GameObject.h">
      <Filter>Header Files</Filter>
    </ClInclude>
    <ClInclude Include="GameState.h">
      <Filter>Header Files</Filter>
    </ClInclude>
    <ClInclude Include="glColorEvent.h">
      <Filter>Header Files</Filter>
    </ClInclude>
    <ClInclude Include="glm.h">
      <Filter>Header Files</Filter>
    </ClInclude>
    <ClInclude Include="GLMesh.h">
      <Filter>Header Files</Filter>
    </ClInclude>
    <ClInclude Include="glmint.h">
      <Filter>Header Files</Filter>
    </ClInclude>
    <ClInclude Include="GOScreen.h">
      <Filter>Header Files</Filter>
    </ClInclude>
    <ClInclude Include="Grid.h">
      <Filter>Header Files</Filter>
    </ClInclude>
    <ClInclude Include="LineSeg.h">
      <Filter>Header Files</Filter>
    </ClInclude>
    <ClInclude Include="MainGS.h">
      <Filter>Header Files</Filter>
    </ClInclude>
    <ClInclude Include="ManagedFile.h">
      <Filter>Header Files</Filter>
    </ClInclude>
    <ClInclude Include="Material.h">
      <Filter>Header Files</Filter>
    </ClInclude>
    <ClInclude Include="Matrix44.h">
      <Filter>Header Files</Filter>
    </ClInclude>
    <ClInclude Include="Memory.h">
      <Filter>Header Files</Filter>
    </ClInclude>
    <ClInclude Include="Model.h">
      <Filter>Header Files</Filter>
    </ClInclude>
    <ClInclude Include="ModelLoader.h">
      <Filter>Header Files</Filter>
    </ClInclude>
    <ClInclude Include="ObjectEvent.h">
      <Filter>Header Files</Filter>
    </ClInclude>
    <ClInclude Include="OBJLoader.h">
      <Filter>Header Files</Filter>
    </ClInclude>
    <ClInclude Include="Octree.h">
      <Filter>Header Files</Filter>
    </ClInclude>
    <ClInclude Include="PanAndTiltEvent.h">
      <Filter>Header Files</Filter>
    </ClInclude>
    <ClInclude Include="Plane.h">
      <Filter>Header Files</Filter>
    </ClInclude>
    <ClInclude Include="Quaternion.h">
      <Filter>Header Files</Filter>
    </ClInclude>
    <ClInclude Include="Rect.h">
      <Filter>Header Files</Filter>
    </ClInclude>
    <ClInclude Include="Score.h">
      <Filter>Header Files</Filter>
    </ClInclude>
    <ClInclude Include="SDLImage.h">
      <Filter>Header Files</Filter>
    </ClInclude>
    <ClInclude Include="SDLRGBAColour.h">
      <Filter>Header Files</Filter>
    </ClInclude>
    <ClInclude Include="SDLRGBColour.h">
      <Filter>Header Files</Filter>
    </ClInclude>
    <ClInclude Include="SDLTTF.h">
      <Filter>Header Files</Filter>
    </ClInclude>
    <ClInclude Include="SoundFX.h">
      <Filter>Header Files</Filter>
    </ClInclude>
    <ClInclude Include="SoundManager.h">
      <Filter>Header Files</Filter>
    </ClInclude>
    <ClInclude Include="Sphere.h">
      <Filter>Header Files</Filter>
    </ClInclude>
    <ClInclude Include="Splash.h">
      <Filter>Header Files</Filter>
    </ClInclude>
    <ClInclude Include="StringProc.h">
      <Filter>Header Files</Filter>
    </ClInclude>
    <ClInclude Include="Teapot.h">
      <Filter>Header Files</Filter>
    </ClInclude>
    <ClInclude Include="TeapotLoaderState.h">
      <Filter>Header Files</Filter>
    </ClInclude>
    <ClInclude Include="Tetrad.h">
      <Filter>Header Files</Filter>
    </ClInclude>
    <ClInclude Include="Texture.h">
      <Filter>Header Files</Filter>
    </ClInclude>
    <ClInclude Include="TimedMoveEvent.h">
      <Filter>Header Files</Filter>
    </ClInclude>
    <ClInclude Include="TimedRemoveEvent.h">
      <Filter>Header Files</Filter>
    </ClInclude>
    <ClInclude Include="Timeline.h">
      <Filter>Header Files</Filter>
    </ClInclude>
    <ClInclude Include="TimelineKey.h">
      <Filter>Header Files</Filter>
    </ClInclude>
    <ClInclude Include="TKAddEvent.h">
      <Filter>Header Files</Filter>
    </ClInclude>
    <ClInclude Include="TKDrawTeapot.h">
      <Filter>Header Files</Filter>
    </ClInclude>
    <ClInclude Include="TKGridCommand.h">
      <Filter>Header Files</Filter>
    </ClInclude>
    <ClInclude Include="TKMoveObject.h">
      <Filter>Header Files</Filter>
    </ClInclude>
    <ClInclude Include="TKPlayMusic.h">
      <Filter>Header Files</Filter>
    </ClInclude>
    <ClInclude Include="TKUseObject.h">
      <Filter>Header Files</Filter>
    </ClInclude>
    <ClInclude Include="Tri.h">
      <Filter>Header Files</Filter>
    </ClInclude>
    <ClInclude Include="TTFManager.h">
      <Filter>Header Files</Filter>
    </ClInclude>
    <ClInclude Include="Vec2.h">
      <Filter>Header Files</Filter>
    </ClInclude>
    <ClInclude Include="Vec3.h">
      <Filter>Header Files</Filter>
    </ClInclude>
    <ClInclude Include="Vec4.h">
      <Filter>Header Files</Filter>
    </ClInclude>
    <ClInclude Include="Vertex.h">
      <Filter>Header Files</Filter>
    </ClInclude>
    <ClInclude Include="Viewport.h">
      <Filter>Header Files</Filter>
    </ClInclude>
    <ClInclude Include="VoxelGrid.h">
      <Filter>Header Files</Filter>
    </ClInclude>
  </ItemGroup>
</Project>